
Microsoft Visual Studio Solution File, Format Version 12.00
# Visual Studio Version 16
VisualStudioVersion = 16.0.30114.105
MinimumVisualStudioVersion = 10.0.40219.1
Project("{9A19103F-16F7-4668-BE54-9A1E7A4F7556}") = "NESseract.Core", "NESseract.Core\NESseract.Core.csproj", "{8FA1A0A1-ABDB-4A6D-871A-464E26B2AC0E}"
EndProject
Project("{9A19103F-16F7-4668-BE54-9A1E7A4F7556}") = "NESseract.Core.Test", "NESseract.Core.Test\NESseract.Core.Test.csproj", "{177126B2-9C19-446F-8C07-2DF3619C4B07}"
EndProject
Global
	GlobalSection(SolutionConfigurationPlatforms) = preSolution
		Debug|Any CPU = Debug|Any CPU
		Release|Any CPU = Release|Any CPU
	EndGlobalSection
	GlobalSection(ProjectConfigurationPlatforms) = postSolution
		{8FA1A0A1-ABDB-4A6D-871A-464E26B2AC0E}.Debug|Any CPU.ActiveCfg = Debug|Any CPU
		{8FA1A0A1-ABDB-4A6D-871A-464E26B2AC0E}.Debug|Any CPU.Build.0 = Debug|Any CPU
		{8FA1A0A1-ABDB-4A6D-871A-464E26B2AC0E}.Release|Any CPU.ActiveCfg = Release|Any CPU
		{8FA1A0A1-ABDB-4A6D-871A-464E26B2AC0E}.Release|Any CPU.Build.0 = Release|Any CPU
		{177126B2-9C19-446F-8C07-2DF3619C4B07}.Debug|Any CPU.ActiveCfg = Debug|Any CPU
		{177126B2-9C19-446F-8C07-2DF3619C4B07}.Debug|Any CPU.Build.0 = Debug|Any CPU
		{177126B2-9C19-446F-8C07-2DF3619C4B07}.Release|Any CPU.ActiveCfg = Release|Any CPU
		{177126B2-9C19-446F-8C07-2DF3619C4B07}.Release|Any CPU.Build.0 = Release|Any CPU
	EndGlobalSection
	GlobalSection(SolutionProperties) = preSolution
		HideSolutionNode = FALSE
	EndGlobalSection
	GlobalSection(ExtensibilityGlobals) = postSolution
		SolutionGuid = {E339142C-D6A2-4C51-A534-3C8C67DA834B}
	EndGlobalSection
EndGlobal
